
Microsoft Visual Studio Solution File, Format Version 12.00
# Visual Studio Version 17
VisualStudioVersion = 17.5.33530.505
MinimumVisualStudioVersion = 10.0.40219.1
Project("{8BC9CEB8-8B4A-11D0-8D11-00A0C91BC942}") = "11.06.24 HW", "11.06.24 HW\11.06.24 HW.vcxproj", "{7F6801D7-F1F2-435C-B3B4-0CBE01DEED3B}"
EndProject
Global
	GlobalSection(SolutionConfigurationPlatforms) = preSolution
		Debug|x64 = Debug|x64
		Debug|x86 = Debug|x86
		Release|x64 = Release|x64
		Release|x86 = Release|x86
	EndGlobalSection
	GlobalSection(ProjectConfigurationPlatforms) = postSolution
		{7F6801D7-F1F2-435C-B3B4-0CBE01DEED3B}.Debug|x64.ActiveCfg = Debug|x64
		{7F6801D7-F1F2-435C-B3B4-0CBE01DEED3B}.Debug|x64.Build.0 = Debug|x64
		{7F6801D7-F1F2-435C-B3B4-0CBE01DEED3B}.Debug|x86.ActiveCfg = Debug|Win32
		{7F6801D7-F1F2-435C-B3B4-0CBE01DEED3B}.Debug|x86.Build.0 = Debug|Win32
		{7F6801D7-F1F2-435C-B3B4-0CBE01DEED3B}.Release|x64.ActiveCfg = Release|x64
		{7F6801D7-F1F2-435C-B3B4-0CBE01DEED3B}.Release|x64.Build.0 = Release|x64
		{7F6801D7-F1F2-435C-B3B4-0CBE01DEED3B}.Release|x86.ActiveCfg = Release|Win32
		{7F6801D7-F1F2-435C-B3B4-0CBE01DEED3B}.Release|x86.Build.0 = Release|Win32
	EndGlobalSection
	GlobalSection(SolutionProperties) = preSolution
		HideSolutionNode = FALSE
	EndGlobalSection
	GlobalSection(ExtensibilityGlobals) = postSolution
		SolutionGuid = {98CBA813-A424-42AD-B065-8F12B9BE4F65}
	EndGlobalSection
EndGlobal
